
Microsoft Visual Studio Solution File, Format Version 12.00
# Visual Studio Version 17
VisualStudioVersion = 17.7.34202.233
MinimumVisualStudioVersion = 10.0.40219.1
Project("{FAE04EC0-301F-11D3-BF4B-00C04F79EFBC}") = "TypesAndVariables", "TypesAndVariables\TypesAndVariables.csproj", "{E4025F7F-D9CF-4771-B762-159078183050}"
EndProject
Project("{FAE04EC0-301F-11D3-BF4B-00C04F79EFBC}") = "Conditionals", "Conditionals\Conditionals.csproj", "{4ABBDAA0-2A40-4547-B194-AAB5940FD9AB}"
EndProject
Project("{FAE04EC0-301F-11D3-BF4B-00C04F79EFBC}") = "Methods", "Methods\Methods.csproj", "{150C1EB7-6D2E-47D6-B954-37748A9CE24C}"
EndProject
Project("{FAE04EC0-301F-11D3-BF4B-00C04F79EFBC}") = "Arrays", "Arrays\Arrays.csproj", "{ED8516F3-3301-442B-A630-BD2701C50A9F}"
EndProject
Project("{FAE04EC0-301F-11D3-BF4B-00C04F79EFBC}") = "Loops", "Loops\Loops.csproj", "{B2600369-CB02-466E-9571-C0484A116675}"
EndProject
Project("{FAE04EC0-301F-11D3-BF4B-00C04F79EFBC}") = "Strings", "Strings\Strings.csproj", "{ACB84E65-7CF1-4625-AC4D-D7C317D3F458}"
EndProject
Project("{FAE04EC0-301F-11D3-BF4B-00C04F79EFBC}") = "Classes", "Classes\Classes.csproj", "{FC3DDBEA-28D9-4A39-B1CF-AAA13296A25C}"
EndProject
Project("{FAE04EC0-301F-11D3-BF4B-00C04F79EFBC}") = "RecapDemo1", "RecapDemo1\RecapDemo1.csproj", "{88373746-051D-4750-B986-95313ABB2427}"
EndProject
Project("{FAE04EC0-301F-11D3-BF4B-00C04F79EFBC}") = "Interfaces", "Interfaces\Interfaces.csproj", "{07678CC1-30B8-4E55-8667-B87895BE3957}"
EndProject
Project("{FAE04EC0-301F-11D3-BF4B-00C04F79EFBC}") = "InterfacesDemo", "InterfacesDemo\InterfacesDemo.csproj", "{6CABE3CF-C91F-48AC-ACDC-A56D9F31E0EC}"
EndProject
Global
	GlobalSection(SolutionConfigurationPlatforms) = preSolution
		Debug|Any CPU = Debug|Any CPU
		Release|Any CPU = Release|Any CPU
	EndGlobalSection
	GlobalSection(ProjectConfigurationPlatforms) = postSolution
		{E4025F7F-D9CF-4771-B762-159078183050}.Debug|Any CPU.ActiveCfg = Debug|Any CPU
		{E4025F7F-D9CF-4771-B762-159078183050}.Debug|Any CPU.Build.0 = Debug|Any CPU
		{E4025F7F-D9CF-4771-B762-159078183050}.Release|Any CPU.ActiveCfg = Release|Any CPU
		{E4025F7F-D9CF-4771-B762-159078183050}.Release|Any CPU.Build.0 = Release|Any CPU
		{4ABBDAA0-2A40-4547-B194-AAB5940FD9AB}.Debug|Any CPU.ActiveCfg = Debug|Any CPU
		{4ABBDAA0-2A40-4547-B194-AAB5940FD9AB}.Debug|Any CPU.Build.0 = Debug|Any CPU
		{4ABBDAA0-2A40-4547-B194-AAB5940FD9AB}.Release|Any CPU.ActiveCfg = Release|Any CPU
		{4ABBDAA0-2A40-4547-B194-AAB5940FD9AB}.Release|Any CPU.Build.0 = Release|Any CPU
		{150C1EB7-6D2E-47D6-B954-37748A9CE24C}.Debug|Any CPU.ActiveCfg = Debug|Any CPU
		{150C1EB7-6D2E-47D6-B954-37748A9CE24C}.Debug|Any CPU.Build.0 = Debug|Any CPU
		{150C1EB7-6D2E-47D6-B954-37748A9CE24C}.Release|Any CPU.ActiveCfg = Release|Any CPU
		{150C1EB7-6D2E-47D6-B954-37748A9CE24C}.Release|Any CPU.Build.0 = Release|Any CPU
		{ED8516F3-3301-442B-A630-BD2701C50A9F}.Debug|Any CPU.ActiveCfg = Debug|Any CPU
		{ED8516F3-3301-442B-A630-BD2701C50A9F}.Debug|Any CPU.Build.0 = Debug|Any CPU
		{ED8516F3-3301-442B-A630-BD2701C50A9F}.Release|Any CPU.ActiveCfg = Release|Any CPU
		{ED8516F3-3301-442B-A630-BD2701C50A9F}.Release|Any CPU.Build.0 = Release|Any CPU
		{B2600369-CB02-466E-9571-C0484A116675}.Debug|Any CPU.ActiveCfg = Debug|Any CPU
		{B2600369-CB02-466E-9571-C0484A116675}.Debug|Any CPU.Build.0 = Debug|Any CPU
		{B2600369-CB02-466E-9571-C0484A116675}.Release|Any CPU.ActiveCfg = Release|Any CPU
		{B2600369-CB02-466E-9571-C0484A116675}.Release|Any CPU.Build.0 = Release|Any CPU
		{ACB84E65-7CF1-4625-AC4D-D7C317D3F458}.Debug|Any CPU.ActiveCfg = Debug|Any CPU
		{ACB84E65-7CF1-4625-AC4D-D7C317D3F458}.Debug|Any CPU.Build.0 = Debug|Any CPU
		{ACB84E65-7CF1-4625-AC4D-D7C317D3F458}.Release|Any CPU.ActiveCfg = Release|Any CPU
		{ACB84E65-7CF1-4625-AC4D-D7C317D3F458}.Release|Any CPU.Build.0 = Release|Any CPU
		{FC3DDBEA-28D9-4A39-B1CF-AAA13296A25C}.Debug|Any CPU.ActiveCfg = Debug|Any CPU
		{FC3DDBEA-28D9-4A39-B1CF-AAA13296A25C}.Debug|Any CPU.Build.0 = Debug|Any CPU
		{FC3DDBEA-28D9-4A39-B1CF-AAA13296A25C}.Release|Any CPU.ActiveCfg = Release|Any CPU
		{FC3DDBEA-28D9-4A39-B1CF-AAA13296A25C}.Release|Any CPU.Build.0 = Release|Any CPU
		{88373746-051D-4750-B986-95313ABB2427}.Debug|Any CPU.ActiveCfg = Debug|Any CPU
		{88373746-051D-4750-B986-95313ABB2427}.Debug|Any CPU.Build.0 = Debug|Any CPU
		{88373746-051D-4750-B986-95313ABB2427}.Release|Any CPU.ActiveCfg = Release|Any CPU
		{88373746-051D-4750-B986-95313ABB2427}.Release|Any CPU.Build.0 = Release|Any CPU
		{07678CC1-30B8-4E55-8667-B87895BE3957}.Debug|Any CPU.ActiveCfg = Debug|Any CPU
		{07678CC1-30B8-4E55-8667-B87895BE3957}.Debug|Any CPU.Build.0 = Debug|Any CPU
		{07678CC1-30B8-4E55-8667-B87895BE3957}.Release|Any CPU.ActiveCfg = Release|Any CPU
		{07678CC1-30B8-4E55-8667-B87895BE3957}.Release|Any CPU.Build.0 = Release|Any CPU
		{6CABE3CF-C91F-48AC-ACDC-A56D9F31E0EC}.Debug|Any CPU.ActiveCfg = Debug|Any CPU
		{6CABE3CF-C91F-48AC-ACDC-A56D9F31E0EC}.Debug|Any CPU.Build.0 = Debug|Any CPU
		{6CABE3CF-C91F-48AC-ACDC-A56D9F31E0EC}.Release|Any CPU.ActiveCfg = Release|Any CPU
		{6CABE3CF-C91F-48AC-ACDC-A56D9F31E0EC}.Release|Any CPU.Build.0 = Release|Any CPU
	EndGlobalSection
	GlobalSection(SolutionProperties) = preSolution
		HideSolutionNode = FALSE
	EndGlobalSection
	GlobalSection(ExtensibilityGlobals) = postSolution
		SolutionGuid = {84C7E6CC-8129-42FF-87E3-2657F2A3C728}
	EndGlobalSection
EndGlobal
